{
  "name": "terratech-steam-mod-loader",
  "version": "1.0.7",
  "lockfileVersion": 2,
  "requires": true,
  "packages": {
    "": {
      "name": "terratech-steam-mod-loader",
      "version": "1.0.7",
      "hasInstallScript": true,
      "license": "MIT"
    },
    "../greenworks": {
      "extraneous": true
    }
  }
}
