{
  "name": "terratech-steam-mod-loader",
  "version": "1.0.2",
  "lockfileVersion": 2,
  "requires": true,
  "packages": {
    "": {
      "name": "terratech-steam-mod-loader",
      "version": "1.0.2",
      "hasInstallScript": true,
      "license": "MIT",
      "dependencies": {
        "greenworks": "file:./greenworks"
      }
    },
    "greenworks": {},
    "nan": {
      "version": "2.15.0",
      "extraneous": true,
      "license": "MIT",
      "devDependencies": {
        "bindings": "~1.2.1",
        "commander": "^2.8.1",
        "glob": "^5.0.14",
        "node-gyp": "~3.6.2",
        "readable-stream": "^2.1.4",
        "request": "=2.81.0",
        "tap": "~0.7.1",
        "xtend": "~4.0.0"
      }
    },
    "node_modules/greenworks": {
      "resolved": "greenworks",
      "link": true
    }
  },
  "dependencies": {
    "greenworks": {
      "version": "file:greenworks"
    }
  }
}
