{
  "name": "terratech-steam-mod-loader",
  "version": "1.7.9",
  "lockfileVersion": 2,
  "requires": true,
  "packages": {
    "": {
      "name": "terratech-steam-mod-loader",
      "version": "1.7.9",
      "hasInstallScript": true,
      "license": "MIT",
      "dependencies": {
        "greenworks": "github:FLSoz/greenworks",
        "ps-list": "^7.2.0"
      }
    },
    "node_modules/greenworks": {
      "version": "0.14.0",
      "resolved": "git+ssh://git@github.com/FLSoz/greenworks.git#310602f695fa82b7887287ab7882e9fedf755d54",
      "hasInstallScript": true,
      "dependencies": {
        "nan": "^2.14.0"
      }
    },
    "node_modules/nan": {
      "version": "2.17.0",
      "resolved": "https://registry.npmjs.org/nan/-/nan-2.17.0.tgz",
      "integrity": "sha512-2ZTgtl0nJsO0KQCjEpxcIr5D+Yv90plTitZt9JBfQvVJDS5seMl3FOvsh3+9CoYWXf/1l5OaZzzF6nDm4cagaQ=="
    },
    "node_modules/ps-list": {
      "version": "7.2.0",
      "resolved": "https://registry.npmjs.org/ps-list/-/ps-list-7.2.0.tgz",
      "integrity": "sha512-v4Bl6I3f2kJfr5o80ShABNHAokIgY+wFDTQfE+X3zWYgSGQOCBeYptLZUpoOALBqO5EawmDN/tjTldJesd0ujQ==",
      "engines": {
        "node": ">=10"
      },
      "funding": {
        "url": "https://github.com/sponsors/sindresorhus"
      }
    }
  },
  "dependencies": {
    "greenworks": {
      "version": "git+ssh://git@github.com/FLSoz/greenworks.git#310602f695fa82b7887287ab7882e9fedf755d54",
      "from": "greenworks@github:FLSoz/greenworks",
      "requires": {
        "nan": "^2.14.0"
      }
    },
    "nan": {
      "version": "2.17.0",
      "resolved": "https://registry.npmjs.org/nan/-/nan-2.17.0.tgz",
      "integrity": "sha512-2ZTgtl0nJsO0KQCjEpxcIr5D+Yv90plTitZt9JBfQvVJDS5seMl3FOvsh3+9CoYWXf/1l5OaZzzF6nDm4cagaQ=="
    },
    "ps-list": {
      "version": "7.2.0",
      "resolved": "https://registry.npmjs.org/ps-list/-/ps-list-7.2.0.tgz",
      "integrity": "sha512-v4Bl6I3f2kJfr5o80ShABNHAokIgY+wFDTQfE+X3zWYgSGQOCBeYptLZUpoOALBqO5EawmDN/tjTldJesd0ujQ=="
    }
  }
}
